// !$*UTF8*$!
{
	archiveVersion = 1;
	classes = {
	};
	objectVersion = 46;
	objects = {

/* Begin PBXBuildFile section */
		1F241ABC1992D8130016BA31 /* AppDelegate.swift in Sources */ = {isa = PBXBuildFile; fileRef = 1F241ABB1992D8130016BA31 /* AppDelegate.swift */; };
		1F241ABE1992D8130016BA31 /* ViewController.swift in Sources */ = {isa = PBXBuildFile; fileRef = 1F241ABD1992D8130016BA31 /* ViewController.swift */; };
		1F241AC11992D8130016BA31 /* Main.storyboard in Resources */ = {isa = PBXBuildFile; fileRef = 1F241ABF1992D8130016BA31 /* Main.storyboard */; };
		1F241AC31992D8130016BA31 /* Images.xcassets in Resources */ = {isa = PBXBuildFile; fileRef = 1F241AC21992D8130016BA31 /* Images.xcassets */; };
		1F241ACF1992D8130016BA31 /* examplerepoTests.swift in Sources */ = {isa = PBXBuildFile; fileRef = 1F241ACE1992D8130016BA31 /* examplerepoTests.swift */; };
/* End PBXBuildFile section */

/* Begin PBXContainerItemProxy section */
		1F241AC91992D8130016BA31 /* PBXContainerItemProxy */ = {
			isa = PBXContainerItemProxy;
			containerPortal = 1F241AAE1992D8130016BA31 /* Project object */;
			proxyType = 1;
			remoteGlobalIDString = 1F241AB51992D8130016BA31;
			remoteInfo = examplerepo;
		};
/* End PBXContainerItemProxy section */

/* Begin PBXFileReference section */
		1F241AB61992D8130016BA31 /* examplerepo.app */ = {isa = PBXFileReference; explicitFileType = wrapper.application; includeInIndex = 0; path = examplerepo.app; sourceTree = BUILT_PRODUCTS_DIR; };
		1F241ABA1992D8130016BA31 /* Info.plist */ = {isa = PBXFileReference; lastKnownFileType = text.plist.xml; path = Info.plist; sourceTree = "<group>"; };
		1F241ABB1992D8130016BA31 /* AppDelegate.swift */ = {isa = PBXFileReference; lastKnownFileType = sourcecode.swift; path = AppDelegate.swift; sourceTree = "<group>"; };
		1F241ABD1992D8130016BA31 /* ViewController.swift */ = {isa = PBXFileReference; lastKnownFileType = sourcecode.swift; path = ViewController.swift; sourceTree = "<group>"; };
		1F241AC01992D8130016BA31 /* Base */ = {isa = PBXFileReference; lastKnownFileType = file.storyboard; name = Base; path = Base.lproj/Main.storyboard; sourceTree = "<group>"; };
		1F241AC21992D8130016BA31 /* Images.xcassets */ = {isa = PBXFileReference; lastKnownFileType = folder.assetcatalog; path = Images.xcassets; sourceTree = "<group>"; };
		1F241AC81992D8130016BA31 /* examplerepoTests.xctest */ = {isa = PBXFileReference; explicitFileType = wrapper.cfbundle; includeInIndex = 0; path = examplerepoTests.xctest; sourceTree = BUILT_PRODUCTS_DIR; };
		1F241ACD1992D8130016BA31 /* Info.plist */ = {isa = PBXFileReference; lastKnownFileType = text.plist.xml; path = Info.plist; sourceTree = "<group>"; };
		1F241ACE1992D8130016BA31 /* examplerepoTests.swift */ = {isa = PBXFileReference; lastKnownFileType = sourcecode.swift; path = examplerepoTests.swift; sourceTree = "<group>"; };
/* End PBXFileReference section */

/* Begin PBXFrameworksBuildPhase section */
		1F241AB31992D8130016BA31 /* Frameworks */ = {
			isa = PBXFrameworksBuildPhase;
			buildActionMask = 2147483647;
			files = (
			);
			runOnlyForDeploymentPostprocessing = 0;
		};
		1F241AC51992D8130016BA31 /* Frameworks */ = {
			isa = PBXFrameworksBuildPhase;
			buildActionMask = 2147483647;
			files = (
			);
			runOnlyForDeploymentPostprocessing = 0;
		};
/* End PBXFrameworksBuildPhase section */

/* Begin PBXGroup section */
		1F241AAD1992D8130016BA31 = {
			isa = PBXGroup;
			children = (
				1F241AB81992D8130016BA31 /* examplerepo */,
				1F241ACB1992D8130016BA31 /* examplerepoTests */,
				1F241AB71992D8130016BA31 /* Products */,
			);
			sourceTree = "<group>";
		};
		1F241AB71992D8130016BA31 /* Products */ = {
			isa = PBXGroup;
			children = (
				1F241AB61992D8130016BA31 /* examplerepo.app */,
				1F241AC81992D8130016BA31 /* examplerepoTests.xctest */,
			);
			name = Products;
			sourceTree = "<group>";
		};
		1F241AB81992D8130016BA31 /* examplerepo */ = {
			isa = PBXGroup;
			children = (
				1F241ABB1992D8130016BA31 /* AppDelegate.swift */,
				1F241ABD1992D8130016BA31 /* ViewController.swift */,
				1F241ABF1992D8130016BA31 /* Main.storyboard */,
				1F241AC21992D8130016BA31 /* Images.xcassets */,
				1F241AB91992D8130016BA31 /* Supporting Files */,
			);
			path = examplerepo;
			sourceTree = "<group>";
		};
		1F241AB91992D8130016BA31 /* Supporting Files */ = {
			isa = PBXGroup;
			children = (
				1F241ABA1992D8130016BA31 /* Info.plist */,
			);
			name = "Supporting Files";
			sourceTree = "<group>";
		};
		1F241ACB1992D8130016BA31 /* examplerepoTests */ = {
			isa = PBXGroup;
			children = (
				1F241ACE1992D8130016BA31 /* examplerepoTests.swift */,
				1F241ACC1992D8130016BA31 /* Supporting Files */,
			);
			path = examplerepoTests;
			sourceTree = "<group>";
		};
		1F241ACC1992D8130016BA31 /* Supporting Files */ = {
			isa = PBXGroup;
			children = (
				1F241ACD1992D8130016BA31 /* Info.plist */,
			);
			name = "Supporting Files";
			sourceTree = "<group>";
		};
/* End PBXGroup section */

/* Begin PBXNativeTarget section */
		1F241AB51992D8130016BA31 /* examplerepo */ = {
			isa = PBXNativeTarget;
			buildConfigurationList = 1F241AD21992D8130016BA31 /* Build configuration list for PBXNativeTarget "examplerepo" */;
			buildPhases = (
				1F241AB21992D8130016BA31 /* Sources */,
				1F241AB31992D8130016BA31 /* Frameworks */,
				1F241AB41992D8130016BA31 /* Resources */,
			);
			buildRules = (
			);
			dependencies = (
			);
			name = examplerepo;
			productName = examplerepo;
			productReference = 1F241AB61992D8130016BA31 /* examplerepo.app */;
			productType = "com.apple.product-type.application";
		};
		1F241AC71992D8130016BA31 /* examplerepoTests */ = {
			isa = PBXNativeTarget;
			buildConfigurationList = 1F241AD51992D8130016BA31 /* Build configuration list for PBXNativeTarget "examplerepoTests" */;
			buildPhases = (
				1F241AC41992D8130016BA31 /* Sources */,
				1F241AC51992D8130016BA31 /* Frameworks */,
				1F241AC61992D8130016BA31 /* Resources */,
			);
			buildRules = (
			);
			dependencies = (
				1F241ACA1992D8130016BA31 /* PBXTargetDependency */,
			);
			name = examplerepoTests;
			productName = examplerepoTests;
			productReference = 1F241AC81992D8130016BA31 /* examplerepoTests.xctest */;
			productType = "com.apple.product-type.bundle.unit-test";
		};
/* End PBXNativeTarget section */

/* Begin PBXProject section */
		1F241AAE1992D8130016BA31 /* Project object */ = {
			isa = PBXProject;
			attributes = {
				LastUpgradeCheck = 0600;
				ORGANIZATIONNAME = mejorandola;
				TargetAttributes = {
					1F241AB51992D8130016BA31 = {
						CreatedOnToolsVersion = 6.0;
					};
					1F241AC71992D8130016BA31 = {
						CreatedOnToolsVersion = 6.0;
						TestTargetID = 1F241AB51992D8130016BA31;
					};
				};
			};
			buildConfigurationList = 1F241AB11992D8130016BA31 /* Build configuration list for PBXProject "examplerepo" */;
			compatibilityVersion = "Xcode 3.2";
			developmentRegion = English;
			hasScannedForEncodings = 0;
			knownRegions = (
				en,
				Base,
			);
			mainGroup = 1F241AAD1992D8130016BA31;
			productRefGroup = 1F241AB71992D8130016BA31 /* Products */;
			projectDirPath = "";
			projectRoot = "";
			targets = (
				1F241AB51992D8130016BA31 /* examplerepo */,
				1F241AC71992D8130016BA31 /* examplerepoTests */,
			);
		};
/* End PBXProject section */

/* Begin PBXResourcesBuildPhase section */
		1F241AB41992D8130016BA31 /* Resources */ = {
			isa = PBXResourcesBuildPhase;
			buildActionMask = 2147483647;
			files = (
				1F241AC11992D8130016BA31 /* Main.storyboard in Resources */,
				1F241AC31992D8130016BA31 /* Images.xcassets in Resources */,
			);
			runOnlyForDeploymentPostprocessing = 0;
		};
		1F241AC61992D8130016BA31 /* Resources */ = {
			isa = PBXResourcesBuildPhase;
			buildActionMask = 2147483647;
			files = (
			);
			runOnlyForDeploymentPostprocessing = 0;
		};
/* End PBXResourcesBuildPhase section */

/* Begin PBXSourcesBuildPhase section */
		1F241AB21992D8130016BA31 /* Sources */ = {
			isa = PBXSourcesBuildPhase;
			buildActionMask = 2147483647;
			files = (
				1F241ABE1992D8130016BA31 /* ViewController.swift in Sources */,
				1F241ABC1992D8130016BA31 /* AppDelegate.swift in Sources */,
			);
			runOnlyForDeploymentPostprocessing = 0;
		};
		1F241AC41992D8130016BA31 /* Sources */ = {
			isa = PBXSourcesBuildPhase;
			buildActionMask = 2147483647;
			files = (
				1F241ACF1992D8130016BA31 /* examplerepoTests.swift in Sources */,
			);
			runOnlyForDeploymentPostprocessing = 0;
		};
/* End PBXSourcesBuildPhase section */

/* Begin PBXTargetDependency section */
		1F241ACA1992D8130016BA31 /* PBXTargetDependency */ = {
			isa = PBXTargetDependency;
			target = 1F241AB51992D8130016BA31 /* examplerepo */;
			targetProxy = 1F241AC91992D8130016BA31 /* PBXContainerItemProxy */;
		};
/* End PBXTargetDependency section */

/* Begin PBXVariantGroup section */
		1F241ABF1992D8130016BA31 /* Main.storyboard */ = {
			isa = PBXVariantGroup;
			children = (
				1F241AC01992D8130016BA31 /* Base */,
			);
			name = Main.storyboard;
			sourceTree = "<group>";
		};
/* End PBXVariantGroup section */

/* Begin XCBuildConfiguration section */
		1F241AD01992D8130016BA31 /* Debug */ = {
			isa = XCBuildConfiguration;
			buildSettings = {
				ALWAYS_SEARCH_USER_PATHS = NO;
				CLANG_CXX_LANGUAGE_STANDARD = "gnu++0x";
				CLANG_CXX_LIBRARY = "libc++";
				CLANG_ENABLE_MODULES = YES;
				CLANG_ENABLE_OBJC_ARC = YES;
				CLANG_WARN_BOOL_CONVERSION = YES;
				CLANG_WARN_CONSTANT_CONVERSION = YES;
				CLANG_WARN_DIRECT_OBJC_ISA_USAGE = YES_ERROR;
				CLANG_WARN_EMPTY_BODY = YES;
				CLANG_WARN_ENUM_CONVERSION = YES;
				CLANG_WARN_INT_CONVERSION = YES;
				CLANG_WARN_OBJC_ROOT_CLASS = YES_ERROR;
				CLANG_WARN_UNREACHABLE_CODE = YES;
				CLANG_WARN__DUPLICATE_METHOD_MATCH = YES;
				"CODE_SIGN_IDENTITY[sdk=iphoneos*]" = "iPhone Developer";
				COPY_PHASE_STRIP = NO;
				ENABLE_STRICT_OBJC_MSGSEND = YES;
				GCC_C_LANGUAGE_STANDARD = gnu99;
				GCC_DYNAMIC_NO_PIC = NO;
				GCC_OPTIMIZATION_LEVEL = 0;
				GCC_PREPROCESSOR_DEFINITIONS = (
					"DEBUG=1",
					"$(inherited)",
				);
				GCC_SYMBOLS_PRIVATE_EXTERN = NO;
				GCC_WARN_64_TO_32_BIT_CONVERSION = YES;
				GCC_WARN_ABOUT_RETURN_TYPE = YES_ERROR;
				GCC_WARN_UNDECLARED_SELECTOR = YES;
				GCC_WARN_UNINITIALIZED_AUTOS = YES_AGGRESSIVE;
				GCC_WARN_UNUSED_FUNCTION = YES;
				GCC_WARN_UNUSED_VARIABLE = YES;
				IPHONEOS_DEPLOYMENT_TARGET = 8.0;
				MTL_ENABLE_DEBUG_INFO = YES;
				ONLY_ACTIVE_ARCH = YES;
				SDKROOT = iphoneos;
				SWIFT_OPTIMIZATION_LEVEL = "-Onone";
			};
			name = Debug;
		};
		1F241AD11992D8130016BA31 /* Release */ = {
			isa = XCBuildConfiguration;
			buildSettings = {
				ALWAYS_SEARCH_USER_PATHS = NO;
				CLANG_CXX_LANGUAGE_STANDARD = "gnu++0x";
				CLANG_CXX_LIBRARY = "libc++";
				CLANG_ENABLE_MODULES = YES;
				CLANG_ENABLE_OBJC_ARC = YES;
				CLANG_WARN_BOOL_CONVERSION = YES;
				CLANG_WARN_CONSTANT_CONVERSION = YES;
				CLANG_WARN_DIRECT_OBJC_ISA_USAGE = YES_ERROR;
				CLANG_WARN_EMPTY_BODY = YES;
				CLANG_WARN_ENUM_CONVERSION = YES;
				CLANG_WARN_INT_CONVERSION = YES;
				CLANG_WARN_OBJC_ROOT_CLASS = YES_ERROR;
				CLANG_WARN_UNREACHABLE_CODE = YES;
				CLANG_WARN__DUPLICATE_METHOD_MATCH = YES;
				"CODE_SIGN_IDENTITY[sdk=iphoneos*]" = "iPhone Developer";
				COPY_PHASE_STRIP = YES;
				ENABLE_NS_ASSERTIONS = NO;
				ENABLE_STRICT_OBJC_MSGSEND = YES;
				GCC_C_LANGUAGE_STANDARD = gnu99;
				GCC_WARN_64_TO_32_BIT_CONVERSION = YES;
				GCC_WARN_ABOUT_RETURN_TYPE = YES_ERROR;
				GCC_WARN_UNDECLARED_SELECTOR = YES;
				GCC_WARN_UNINITIALIZED_AUTOS = YES_AGGRESSIVE;
				GCC_WARN_UNUSED_FUNCTION = YES;
				GCC_WARN_UNUSED_VARIABLE = YES;
				IPHONEOS_DEPLOYMENT_TARGET = 8.0;
				MTL_ENABLE_DEBUG_INFO = NO;
				SDKROOT = iphoneos;
				VALIDATE_PRODUCT = YES;
			};
			name = Release;
		};
		1F241AD31992D8130016BA31 /* Debug */ = {
			isa = XCBuildConfiguration;
			buildSettings = {
				ASSETCATALOG_COMPILER_APPICON_NAME = AppIcon;
				ASSETCATALOG_COMPILER_LAUNCHIMAGE_NAME = LaunchImage;
				INFOPLIST_FILE = examplerepo/Info.plist;
				LD_RUNPATH_SEARCH_PATHS = "$(inherited) @executable_path/Frameworks";
				PRODUCT_NAME = "$(TARGET_NAME)";
			};
			name = Debug;
		};
		1F241AD41992D8130016BA31 /* Release */ = {
			isa = XCBuildConfiguration;
			buildSettings = {
				ASSETCATALOG_COMPILER_APPICON_NAME = AppIcon;
				ASSETCATALOG_COMPILER_LAUNCHIMAGE_NAME = LaunchImage;
				INFOPLIST_FILE = examplerepo/Info.plist;
				LD_RUNPATH_SEARCH_PATHS = "$(inherited) @executable_path/Frameworks";
				PRODUCT_NAME = "$(TARGET_NAME)";
			};
			name = Release;
		};
		1F241AD61992D8130016BA31 /* Debug */ = {
			isa = XCBuildConfiguration;
			buildSettings = {
				BUNDLE_LOADER = "$(BUILT_PRODUCTS_DIR)/examplerepo.app/examplerepo";
				FRAMEWORK_SEARCH_PATHS = (
					"$(SDKROOT)/Developer/Library/Frameworks",
					"$(inherited)",
				);
				GCC_PREPROCESSOR_DEFINITIONS = (
					"DEBUG=1",
					"$(inherited)",
				);
				INFOPLIST_FILE = examplerepoTests/Info.plist;
				LD_RUNPATH_SEARCH_PATHS = "$(inherited) @executable_path/Frameworks @loader_path/Frameworks";
				PRODUCT_NAME = "$(TARGET_NAME)";
				TEST_HOST = "$(BUNDLE_LOADER)";
			};
			name = Debug;
		};
		1F241AD71992D8130016BA31 /* Release */ = {
			isa = XCBuildConfiguration;
			buildSettings = {
				BUNDLE_LOADER = "$(BUILT_PRODUCTS_DIR)/examplerepo.app/examplerepo";
				FRAMEWORK_SEARCH_PATHS = (
					"$(SDKROOT)/Developer/Library/Frameworks",
					"$(inherited)",
				);
				INFOPLIST_FILE = examplerepoTests/Info.plist;
				LD_RUNPATH_SEARCH_PATHS = "$(inherited) @executable_path/Frameworks @loader_path/Frameworks";
				PRODUCT_NAME = "$(TARGET_NAME)";
				TEST_HOST = "$(BUNDLE_LOADER)";
			};
			name = Release;
		};
/* End XCBuildConfiguration section */

/* Begin XCConfigurationList section */
		1F241AB11992D8130016BA31 /* Build configuration list for PBXProject "examplerepo" */ = {
			isa = XCConfigurationList;
			buildConfigurations = (
				1F241AD01992D8130016BA31 /* Debug */,
				1F241AD11992D8130016BA31 /* Release */,
			);
			defaultConfigurationIsVisible = 0;
			defaultConfigurationName = Release;
		};
		1F241AD21992D8130016BA31 /* Build configuration list for PBXNativeTarget "examplerepo" */ = {
			isa = XCConfigurationList;
			buildConfigurations = (
				1F241AD31992D8130016BA31 /* Debug */,
				1F241AD41992D8130016BA31 /* Release */,
			);
			defaultConfigurationIsVisible = 0;
		};
		1F241AD51992D8130016BA31 /* Build configuration list for PBXNativeTarget "examplerepoTests" */ = {
			isa = XCConfigurationList;
			buildConfigurations = (
				1F241AD61992D8130016BA31 /* Debug */,
				1F241AD71992D8130016BA31 /* Release */,
			);
			defaultConfigurationIsVisible = 0;
		};
/* End XCConfigurationList section */
	};
	rootObject = 1F241AAE1992D8130016BA31 /* Project object */;
}
